
Microsoft Visual Studio Solution File, Format Version 12.00
# Visual Studio Version 17
VisualStudioVersion = 17.11.35208.52
MinimumVisualStudioVersion = 10.0.40219.1
Project("{9A19103F-16F7-4668-BE54-9A1E7A4F7556}") = "EFCoreSideKick.WebUI", "EFCoreSideKick.WebUI\EFCoreSideKick.WebUI.csproj", "{9F6B3FC5-2E84-4D6E-B776-DADF5B448F5B}"
EndProject
Project("{FAE04EC0-301F-11D3-BF4B-00C04F79EFBC}") = "EFCoreSideKick.Api", "EFCoreSideKick.Api\EFCoreSideKick.Api.csproj", "{F12547ED-10BB-460C-95CB-2A674A845BFD}"
EndProject
Global
	GlobalSection(SolutionConfigurationPlatforms) = preSolution
		Debug|Any CPU = Debug|Any CPU
		Release|Any CPU = Release|Any CPU
	EndGlobalSection
	GlobalSection(ProjectConfigurationPlatforms) = postSolution
		{9F6B3FC5-2E84-4D6E-B776-DADF5B448F5B}.Debug|Any CPU.ActiveCfg = Debug|Any CPU
		{9F6B3FC5-2E84-4D6E-B776-DADF5B448F5B}.Debug|Any CPU.Build.0 = Debug|Any CPU
		{9F6B3FC5-2E84-4D6E-B776-DADF5B448F5B}.Release|Any CPU.ActiveCfg = Release|Any CPU
		{9F6B3FC5-2E84-4D6E-B776-DADF5B448F5B}.Release|Any CPU.Build.0 = Release|Any CPU
		{F12547ED-10BB-460C-95CB-2A674A845BFD}.Debug|Any CPU.ActiveCfg = Debug|Any CPU
		{F12547ED-10BB-460C-95CB-2A674A845BFD}.Debug|Any CPU.Build.0 = Debug|Any CPU
		{F12547ED-10BB-460C-95CB-2A674A845BFD}.Release|Any CPU.ActiveCfg = Release|Any CPU
		{F12547ED-10BB-460C-95CB-2A674A845BFD}.Release|Any CPU.Build.0 = Release|Any CPU
	EndGlobalSection
	GlobalSection(SolutionProperties) = preSolution
		HideSolutionNode = FALSE
	EndGlobalSection
	GlobalSection(ExtensibilityGlobals) = postSolution
		SolutionGuid = {B307F328-C214-40E6-A0D4-069F3FD8FC8E}
	EndGlobalSection
EndGlobal
